
Microsoft Visual Studio Solution File, Format Version 12.00
# Visual Studio Version 17
VisualStudioVersion = 17.8.34309.116
MinimumVisualStudioVersion = 10.0.40219.1
Project("{FAE04EC0-301F-11D3-BF4B-00C04F79EFBC}") = "BookStore.Web", "BookStore.Web\BookStore.Web.csproj", "{99FE2D18-1CF6-45E6-8759-D07B17A24C02}"
EndProject
Global
	GlobalSection(SolutionConfigurationPlatforms) = preSolution
		Debug|Any CPU = Debug|Any CPU
		Release|Any CPU = Release|Any CPU
	EndGlobalSection
	GlobalSection(ProjectConfigurationPlatforms) = postSolution
		{99FE2D18-1CF6-45E6-8759-D07B17A24C02}.Debug|Any CPU.ActiveCfg = Debug|Any CPU
		{99FE2D18-1CF6-45E6-8759-D07B17A24C02}.Debug|Any CPU.Build.0 = Debug|Any CPU
		{99FE2D18-1CF6-45E6-8759-D07B17A24C02}.Release|Any CPU.ActiveCfg = Release|Any CPU
		{99FE2D18-1CF6-45E6-8759-D07B17A24C02}.Release|Any CPU.Build.0 = Release|Any CPU
	EndGlobalSection
	GlobalSection(SolutionProperties) = preSolution
		HideSolutionNode = FALSE
	EndGlobalSection
	GlobalSection(ExtensibilityGlobals) = postSolution
		SolutionGuid = {C6ABA0AE-BA3A-4EFD-8E01-DB05EA803B09}
	EndGlobalSection
EndGlobal
